
Microsoft Visual Studio Solution File, Format Version 12.00
# Visual Studio Version 17
VisualStudioVersion = 17.13.35919.96 d17.13
MinimumVisualStudioVersion = 10.0.40219.1
Project("{FAE04EC0-301F-11D3-BF4B-00C04F79EFBC}") = "SampleClilicAPI", "SampleClilicAPI.csproj", "{2D042306-5E10-486D-8875-7CC4565E21C4}"
EndProject
Project("{FAE04EC0-301F-11D3-BF4B-00C04F79EFBC}") = "SampleClilicDataAccessLayer", "..\SampleClilicDataAccessLayer\SampleClilicDataAccessLayer.csproj", "{A7FB9307-BCCC-4F1D-9AA3-2F7DB46F0A61}"
EndProject
Project("{FAE04EC0-301F-11D3-BF4B-00C04F79EFBC}") = "SampleClilicAPIBusinessLayer", "..\SampleClilicAPIBusinessLayer\SampleClilicAPIBusinessLayer.csproj", "{AA08A8FF-E94C-4D2C-92F9-5450A677670A}"
EndProject
Global
	GlobalSection(SolutionConfigurationPlatforms) = preSolution
		Debug|Any CPU = Debug|Any CPU
		Release|Any CPU = Release|Any CPU
	EndGlobalSection
	GlobalSection(ProjectConfigurationPlatforms) = postSolution
		{2D042306-5E10-486D-8875-7CC4565E21C4}.Debug|Any CPU.ActiveCfg = Debug|Any CPU
		{2D042306-5E10-486D-8875-7CC4565E21C4}.Debug|Any CPU.Build.0 = Debug|Any CPU
		{2D042306-5E10-486D-8875-7CC4565E21C4}.Release|Any CPU.ActiveCfg = Release|Any CPU
		{2D042306-5E10-486D-8875-7CC4565E21C4}.Release|Any CPU.Build.0 = Release|Any CPU
		{A7FB9307-BCCC-4F1D-9AA3-2F7DB46F0A61}.Debug|Any CPU.ActiveCfg = Debug|Any CPU
		{A7FB9307-BCCC-4F1D-9AA3-2F7DB46F0A61}.Debug|Any CPU.Build.0 = Debug|Any CPU
		{A7FB9307-BCCC-4F1D-9AA3-2F7DB46F0A61}.Release|Any CPU.ActiveCfg = Release|Any CPU
		{A7FB9307-BCCC-4F1D-9AA3-2F7DB46F0A61}.Release|Any CPU.Build.0 = Release|Any CPU
		{AA08A8FF-E94C-4D2C-92F9-5450A677670A}.Debug|Any CPU.ActiveCfg = Debug|Any CPU
		{AA08A8FF-E94C-4D2C-92F9-5450A677670A}.Debug|Any CPU.Build.0 = Debug|Any CPU
		{AA08A8FF-E94C-4D2C-92F9-5450A677670A}.Release|Any CPU.ActiveCfg = Release|Any CPU
		{AA08A8FF-E94C-4D2C-92F9-5450A677670A}.Release|Any CPU.Build.0 = Release|Any CPU
	EndGlobalSection
	GlobalSection(SolutionProperties) = preSolution
		HideSolutionNode = FALSE
	EndGlobalSection
	GlobalSection(ExtensibilityGlobals) = postSolution
		SolutionGuid = {00299EC3-DBE7-44D0-AAD4-2D84A7568CFB}
	EndGlobalSection
EndGlobal
